
Microsoft Visual Studio Solution File, Format Version 12.00
# Visual Studio 14
VisualStudioVersion = 14.0.23107.0
MinimumVisualStudioVersion = 10.0.40219.1
Project("{FAE04EC0-301F-11D3-BF4B-00C04F79EFBC}") = "Web", "Web\Web.csproj", "{AAFF7547-A0A5-4ADC-BB45-637CA0DB6ADF}"
EndProject
Project("{FAE04EC0-301F-11D3-BF4B-00C04F79EFBC}") = "Data", "Data\Data.csproj", "{BF220F2C-2B97-4E29-906E-EFBABB2A5B50}"
EndProject
Project("{FAE04EC0-301F-11D3-BF4B-00C04F79EFBC}") = "DataAccess", "DataAccess\DataAccess.csproj", "{8E601117-B90E-4D45-9E90-4402A7B5F611}"
EndProject
Project("{FAE04EC0-301F-11D3-BF4B-00C04F79EFBC}") = "BusinessLogic", "BusinessLogic\BusinessLogic.csproj", "{692DCD05-0876-48FE-B0DB-1E606B614301}"
EndProject
Project("{FAE04EC0-301F-11D3-BF4B-00C04F79EFBC}") = "Utility", "Utility\Utility.csproj", "{E40EB0F7-5304-4EB9-9917-DFA5597E29D0}"
EndProject
Global
	GlobalSection(SolutionConfigurationPlatforms) = preSolution
		Debug|Any CPU = Debug|Any CPU
		Release|Any CPU = Release|Any CPU
	EndGlobalSection
	GlobalSection(ProjectConfigurationPlatforms) = postSolution
		{AAFF7547-A0A5-4ADC-BB45-637CA0DB6ADF}.Debug|Any CPU.ActiveCfg = Debug|Any CPU
		{AAFF7547-A0A5-4ADC-BB45-637CA0DB6ADF}.Debug|Any CPU.Build.0 = Debug|Any CPU
		{AAFF7547-A0A5-4ADC-BB45-637CA0DB6ADF}.Release|Any CPU.ActiveCfg = Release|Any CPU
		{AAFF7547-A0A5-4ADC-BB45-637CA0DB6ADF}.Release|Any CPU.Build.0 = Release|Any CPU
		{BF220F2C-2B97-4E29-906E-EFBABB2A5B50}.Debug|Any CPU.ActiveCfg = Debug|Any CPU
		{BF220F2C-2B97-4E29-906E-EFBABB2A5B50}.Debug|Any CPU.Build.0 = Debug|Any CPU
		{BF220F2C-2B97-4E29-906E-EFBABB2A5B50}.Release|Any CPU.ActiveCfg = Release|Any CPU
		{BF220F2C-2B97-4E29-906E-EFBABB2A5B50}.Release|Any CPU.Build.0 = Release|Any CPU
		{8E601117-B90E-4D45-9E90-4402A7B5F611}.Debug|Any CPU.ActiveCfg = Debug|Any CPU
		{8E601117-B90E-4D45-9E90-4402A7B5F611}.Debug|Any CPU.Build.0 = Debug|Any CPU
		{8E601117-B90E-4D45-9E90-4402A7B5F611}.Release|Any CPU.ActiveCfg = Release|Any CPU
		{8E601117-B90E-4D45-9E90-4402A7B5F611}.Release|Any CPU.Build.0 = Release|Any CPU
		{692DCD05-0876-48FE-B0DB-1E606B614301}.Debug|Any CPU.ActiveCfg = Debug|Any CPU
		{692DCD05-0876-48FE-B0DB-1E606B614301}.Debug|Any CPU.Build.0 = Debug|Any CPU
		{692DCD05-0876-48FE-B0DB-1E606B614301}.Release|Any CPU.ActiveCfg = Release|Any CPU
		{692DCD05-0876-48FE-B0DB-1E606B614301}.Release|Any CPU.Build.0 = Release|Any CPU
		{E40EB0F7-5304-4EB9-9917-DFA5597E29D0}.Debug|Any CPU.ActiveCfg = Debug|Any CPU
		{E40EB0F7-5304-4EB9-9917-DFA5597E29D0}.Debug|Any CPU.Build.0 = Debug|Any CPU
		{E40EB0F7-5304-4EB9-9917-DFA5597E29D0}.Release|Any CPU.ActiveCfg = Release|Any CPU
		{E40EB0F7-5304-4EB9-9917-DFA5597E29D0}.Release|Any CPU.Build.0 = Release|Any CPU
	EndGlobalSection
	GlobalSection(SolutionProperties) = preSolution
		HideSolutionNode = FALSE
	EndGlobalSection
EndGlobal
